
Microsoft Visual Studio Solution File, Format Version 12.00
# Visual Studio Version 17
VisualStudioVersion = 17.9.34607.119
MinimumVisualStudioVersion = 10.0.40219.1
Project("{8BC9CEB8-8B4A-11D0-8D11-00A0C91BC942}") = "PemDas19032024", "PemDas19032024\PemDas19032024.vcxproj", "{6F7708B8-7529-4036-9B52-C3664CC42EDC}"
EndProject
Project("{8BC9CEB8-8B4A-11D0-8D11-00A0C91BC942}") = "LoopingWhile", "Looping\Looping.vcxproj", "{A0CF0912-F824-48B9-9A73-154BD62A9D10}"
EndProject
Project("{8BC9CEB8-8B4A-11D0-8D11-00A0C91BC942}") = "DoWhileLoop", "DoWhileLoop\DoWhileLoop.vcxproj", "{FAA82721-57A9-4CC4-90FB-A00F65DBE828}"
EndProject
Project("{8BC9CEB8-8B4A-11D0-8D11-00A0C91BC942}") = "ProsedurFungsi", "ProsedurFungsi\ProsedurFungsi.vcxproj", "{51F6E1F6-BEEC-4AC1-93CE-840DD0139936}"
EndProject
Project("{8BC9CEB8-8B4A-11D0-8D11-00A0C91BC942}") = "Part2ProsedurFungsi", "Part2ProsedurFungsi\Part2ProsedurFungsi.vcxproj", "{C5E45C09-343F-4784-92C1-F619D8075070}"
EndProject
Global
	GlobalSection(SolutionConfigurationPlatforms) = preSolution
		Debug|x64 = Debug|x64
		Debug|x86 = Debug|x86
		Release|x64 = Release|x64
		Release|x86 = Release|x86
	EndGlobalSection
	GlobalSection(ProjectConfigurationPlatforms) = postSolution
		{6F7708B8-7529-4036-9B52-C3664CC42EDC}.Debug|x64.ActiveCfg = Debug|x64
		{6F7708B8-7529-4036-9B52-C3664CC42EDC}.Debug|x64.Build.0 = Debug|x64
		{6F7708B8-7529-4036-9B52-C3664CC42EDC}.Debug|x86.ActiveCfg = Debug|Win32
		{6F7708B8-7529-4036-9B52-C3664CC42EDC}.Debug|x86.Build.0 = Debug|Win32
		{6F7708B8-7529-4036-9B52-C3664CC42EDC}.Release|x64.ActiveCfg = Release|x64
		{6F7708B8-7529-4036-9B52-C3664CC42EDC}.Release|x64.Build.0 = Release|x64
		{6F7708B8-7529-4036-9B52-C3664CC42EDC}.Release|x86.ActiveCfg = Release|Win32
		{6F7708B8-7529-4036-9B52-C3664CC42EDC}.Release|x86.Build.0 = Release|Win32
		{A0CF0912-F824-48B9-9A73-154BD62A9D10}.Debug|x64.ActiveCfg = Debug|x64
		{A0CF0912-F824-48B9-9A73-154BD62A9D10}.Debug|x64.Build.0 = Debug|x64
		{A0CF0912-F824-48B9-9A73-154BD62A9D10}.Debug|x86.ActiveCfg = Debug|Win32
		{A0CF0912-F824-48B9-9A73-154BD62A9D10}.Debug|x86.Build.0 = Debug|Win32
		{A0CF0912-F824-48B9-9A73-154BD62A9D10}.Release|x64.ActiveCfg = Release|x64
		{A0CF0912-F824-48B9-9A73-154BD62A9D10}.Release|x64.Build.0 = Release|x64
		{A0CF0912-F824-48B9-9A73-154BD62A9D10}.Release|x86.ActiveCfg = Release|Win32
		{A0CF0912-F824-48B9-9A73-154BD62A9D10}.Release|x86.Build.0 = Release|Win32
		{FAA82721-57A9-4CC4-90FB-A00F65DBE828}.Debug|x64.ActiveCfg = Debug|x64
		{FAA82721-57A9-4CC4-90FB-A00F65DBE828}.Debug|x64.Build.0 = Debug|x64
		{FAA82721-57A9-4CC4-90FB-A00F65DBE828}.Debug|x86.ActiveCfg = Debug|Win32
		{FAA82721-57A9-4CC4-90FB-A00F65DBE828}.Debug|x86.Build.0 = Debug|Win32
		{FAA82721-57A9-4CC4-90FB-A00F65DBE828}.Release|x64.ActiveCfg = Release|x64
		{FAA82721-57A9-4CC4-90FB-A00F65DBE828}.Release|x64.Build.0 = Release|x64
		{FAA82721-57A9-4CC4-90FB-A00F65DBE828}.Release|x86.ActiveCfg = Release|Win32
		{FAA82721-57A9-4CC4-90FB-A00F65DBE828}.Release|x86.Build.0 = Release|Win32
		{51F6E1F6-BEEC-4AC1-93CE-840DD0139936}.Debug|x64.ActiveCfg = Debug|x64
		{51F6E1F6-BEEC-4AC1-93CE-840DD0139936}.Debug|x64.Build.0 = Debug|x64
		{51F6E1F6-BEEC-4AC1-93CE-840DD0139936}.Debug|x86.ActiveCfg = Debug|Win32
		{51F6E1F6-BEEC-4AC1-93CE-840DD0139936}.Debug|x86.Build.0 = Debug|Win32
		{51F6E1F6-BEEC-4AC1-93CE-840DD0139936}.Release|x64.ActiveCfg = Release|x64
		{51F6E1F6-BEEC-4AC1-93CE-840DD0139936}.Release|x64.Build.0 = Release|x64
		{51F6E1F6-BEEC-4AC1-93CE-840DD0139936}.Release|x86.ActiveCfg = Release|Win32
		{51F6E1F6-BEEC-4AC1-93CE-840DD0139936}.Release|x86.Build.0 = Release|Win32
		{C5E45C09-343F-4784-92C1-F619D8075070}.Debug|x64.ActiveCfg = Debug|x64
		{C5E45C09-343F-4784-92C1-F619D8075070}.Debug|x64.Build.0 = Debug|x64
		{C5E45C09-343F-4784-92C1-F619D8075070}.Debug|x86.ActiveCfg = Debug|Win32
		{C5E45C09-343F-4784-92C1-F619D8075070}.Debug|x86.Build.0 = Debug|Win32
		{C5E45C09-343F-4784-92C1-F619D8075070}.Release|x64.ActiveCfg = Release|x64
		{C5E45C09-343F-4784-92C1-F619D8075070}.Release|x64.Build.0 = Release|x64
		{C5E45C09-343F-4784-92C1-F619D8075070}.Release|x86.ActiveCfg = Release|Win32
		{C5E45C09-343F-4784-92C1-F619D8075070}.Release|x86.Build.0 = Release|Win32
	EndGlobalSection
	GlobalSection(SolutionProperties) = preSolution
		HideSolutionNode = FALSE
	EndGlobalSection
	GlobalSection(ExtensibilityGlobals) = postSolution
		SolutionGuid = {6EAF9200-C05D-4F11-BD47-7A3C1420A762}
	EndGlobalSection
EndGlobal
